# THIS IS AN AUTOGENERATED FILE. DO NOT EDIT THIS FILE DIRECTLY.
# yarn lockfile v1


lwf@^2.6.0:
  version "2.6.0"
  resolved "https://registry.yarnpkg.com/lwf/-/lwf-2.6.0.tgz#ca13fe3a3d5d5120f2b2dd8ccf04e51110c255f5"
  integrity sha512-4xhauzqpPpjCz27d2tciPIahRAmxqLq4vpyKy+Kn3qLHTpyr3i4lOSO234R72E3UFyobkOg0++Q61jDXyyXcEQ==
